
Microsoft Visual Studio Solution File, Format Version 12.00
# Visual Studio Version 17
VisualStudioVersion = 17.9.34607.119
MinimumVisualStudioVersion = 10.0.40219.1
Project("{FAE04EC0-301F-11D3-BF4B-00C04F79EFBC}") = "RomanToInteger", "RomanToInteger\RomanToInteger.csproj", "{CDDF0E6B-E707-475B-B24C-C4FF45DB97EC}"
EndProject
Global
	GlobalSection(SolutionConfigurationPlatforms) = preSolution
		Debug|Any CPU = Debug|Any CPU
		Release|Any CPU = Release|Any CPU
	EndGlobalSection
	GlobalSection(ProjectConfigurationPlatforms) = postSolution
		{CDDF0E6B-E707-475B-B24C-C4FF45DB97EC}.Debug|Any CPU.ActiveCfg = Debug|Any CPU
		{CDDF0E6B-E707-475B-B24C-C4FF45DB97EC}.Debug|Any CPU.Build.0 = Debug|Any CPU
		{CDDF0E6B-E707-475B-B24C-C4FF45DB97EC}.Release|Any CPU.ActiveCfg = Release|Any CPU
		{CDDF0E6B-E707-475B-B24C-C4FF45DB97EC}.Release|Any CPU.Build.0 = Release|Any CPU
	EndGlobalSection
	GlobalSection(SolutionProperties) = preSolution
		HideSolutionNode = FALSE
	EndGlobalSection
	GlobalSection(ExtensibilityGlobals) = postSolution
		SolutionGuid = {9C1A733E-628D-4225-B2B7-FA10F91D9E1E}
	EndGlobalSection
EndGlobal
